{
  "version": 4,
  "terraform_version": "1.1.9",
  "serial": 23,
  "lineage": "a0c316ab-d004-ea7c-4910-b56eb10e88a8",
  "outputs": {
    "external_ip_address_vm_1": {
      "value": "51.250.65.206",
      "type": "string"
    },
    "external_ip_address_vm_2": {
      "value": "51.250.92.136",
      "type": "string"
    },
    "internal_ip_address_vm_1": {
      "value": "192.168.10.32",
      "type": "string"
    },
    "internal_ip_address_vm_2": {
      "value": "192.168.10.16",
      "type": "string"
    }
  },
  "resources": [
    {
      "mode": "managed",
      "type": "yandex_compute_instance",
      "name": "vm-1",
      "provider": "provider[\"registry.terraform.io/yandex-cloud/yandex\"]",
      "instances": [
        {
          "schema_version": 1,
          "attributes": {
            "allow_recreate": null,
            "allow_stopping_for_update": null,
            "boot_disk": [
              {
                "auto_delete": true,
                "device_name": "fhm6847p84v2vdulqqqi",
                "disk_id": "fhm6847p84v2vdulqqqi",
                "initialize_params": [
                  {
                    "block_size": 4096,
                    "description": "",
                    "image_id": "fd80le4b8gt2u33lvubr",
                    "name": "",
                    "size": 20,
                    "snapshot_id": "",
                    "type": "network-hdd"
                  }
                ],
                "mode": "READ_WRITE"
              }
            ],
            "created_at": "2022-05-19T17:32:36Z",
            "description": "",
            "folder_id": "b1goftamkelavkhtqfcd",
            "fqdn": "fhmlmemi0luvenjt5054.auto.internal",
            "hostname": "fhmlmemi0luvenjt5054",
            "id": "fhmlmemi0luvenjt5054",
            "labels": null,
            "metadata": {
              "ssh-keys": "centos:ssh-rsa AAAAB3NzaC1yc2EAAAADAQABAAABgQCnVG0pcCjrdIqcRbrIf0t+wcPh1FsyR3g2Ih7vTWyiP5YD2bJ/ukFMHElaaZmiGgQQ1KgdOLc4k+z3cpCxTbPP/2JKyVY5SUW2myfQshBmDGsOLkwajhSK0YNrnkxQzjQnBgNYQbRBFcvbEGez8mFMgmnGFv8whTQ6Ld0uDshtT/sVFFde1clPaYGnab4d53A49AKe21OlKIGZQhgZTRdSvHOyfyXuip0DPOULaclYlczDQkyHRCzUhogn4EG2NOh+5/2lQXaSlNRJPBcfYBSwgo2sv+bw3W3nkotoYRoW3yfpQu9N7mIkhzN8nzqE5ir/h7Qln+fAhiVu7i58NcKt3/NJTaQ/osYp0GZVYnvX0TaZlDLHKt8zk4ujv5W1N20+JukfVXFA7lQu4q4/KLDkRmKqeI0nbuU+TWixOp5OxT6MeQyrFkDzItZRN9bygaZT58n+m6/HxatOTu4jWU1TbXdlxVX0WV260WU0KgIdGs/dMezy3ldgMtRe/yf5aMM= tim@tim-VirtualBox\n"
            },
            "name": "clickhouse-01",
            "network_acceleration_type": "standard",
            "network_interface": [
              {
                "dns_record": [],
                "index": 0,
                "ip_address": "192.168.10.32",
                "ipv4": true,
                "ipv6": false,
                "ipv6_address": "",
                "ipv6_dns_record": [],
                "mac_address": "d0:0d:15:b3:ad:20",
                "nat": true,
                "nat_dns_record": [],
                "nat_ip_address": "51.250.65.206",
                "nat_ip_version": "IPV4",
                "security_group_ids": [],
                "subnet_id": "e9b64u4ifli0r3aefp2n"
              }
            ],
            "placement_policy": [
              {
                "host_affinity_rules": [],
                "placement_group_id": ""
              }
            ],
            "platform_id": "standard-v1",
            "resources": [
              {
                "core_fraction": 100,
                "cores": 2,
                "gpus": 0,
                "memory": 2
              }
            ],
            "scheduling_policy": [
              {
                "preemptible": false
              }
            ],
            "secondary_disk": [],
            "service_account_id": "",
            "status": "running",
            "timeouts": null,
            "zone": "ru-central1-a"
          },
          "sensitive_attributes": [],
          "private": "eyJlMmJmYjczMC1lY2FhLTExZTYtOGY4OC0zNDM2M2JjN2M0YzAiOnsiY3JlYXRlIjozMDAwMDAwMDAwMDAsImRlbGV0ZSI6MzAwMDAwMDAwMDAwLCJ1cGRhdGUiOjMwMDAwMDAwMDAwMH0sInNjaGVtYV92ZXJzaW9uIjoiMSJ9",
          "dependencies": [
            "yandex_vpc_network.network-1",
            "yandex_vpc_subnet.subnet-1"
          ]
        }
      ]
    },
    {
      "mode": "managed",
      "type": "yandex_compute_instance",
      "name": "vm-2",
      "provider": "provider[\"registry.terraform.io/yandex-cloud/yandex\"]",
      "instances": [
        {
          "schema_version": 1,
          "attributes": {
            "allow_recreate": null,
            "allow_stopping_for_update": null,
            "boot_disk": [
              {
                "auto_delete": true,
                "device_name": "fhmoqtpu34j4lnp1gnq5",
                "disk_id": "fhmoqtpu34j4lnp1gnq5",
                "initialize_params": [
                  {
                    "block_size": 4096,
                    "description": "",
                    "image_id": "fd80le4b8gt2u33lvubr",
                    "name": "",
                    "size": 20,
                    "snapshot_id": "",
                    "type": "network-hdd"
                  }
                ],
                "mode": "READ_WRITE"
              }
            ],
            "created_at": "2022-05-19T17:32:36Z",
            "description": "",
            "folder_id": "b1goftamkelavkhtqfcd",
            "fqdn": "fhm4vkfjp9lbonqvcffi.auto.internal",
            "hostname": "fhm4vkfjp9lbonqvcffi",
            "id": "fhm4vkfjp9lbonqvcffi",
            "labels": null,
            "metadata": {
              "ssh-keys": "centos:ssh-rsa AAAAB3NzaC1yc2EAAAADAQABAAABgQCnVG0pcCjrdIqcRbrIf0t+wcPh1FsyR3g2Ih7vTWyiP5YD2bJ/ukFMHElaaZmiGgQQ1KgdOLc4k+z3cpCxTbPP/2JKyVY5SUW2myfQshBmDGsOLkwajhSK0YNrnkxQzjQnBgNYQbRBFcvbEGez8mFMgmnGFv8whTQ6Ld0uDshtT/sVFFde1clPaYGnab4d53A49AKe21OlKIGZQhgZTRdSvHOyfyXuip0DPOULaclYlczDQkyHRCzUhogn4EG2NOh+5/2lQXaSlNRJPBcfYBSwgo2sv+bw3W3nkotoYRoW3yfpQu9N7mIkhzN8nzqE5ir/h7Qln+fAhiVu7i58NcKt3/NJTaQ/osYp0GZVYnvX0TaZlDLHKt8zk4ujv5W1N20+JukfVXFA7lQu4q4/KLDkRmKqeI0nbuU+TWixOp5OxT6MeQyrFkDzItZRN9bygaZT58n+m6/HxatOTu4jWU1TbXdlxVX0WV260WU0KgIdGs/dMezy3ldgMtRe/yf5aMM= tim@tim-VirtualBox\n"
            },
            "name": "vector-01",
            "network_acceleration_type": "standard",
            "network_interface": [
              {
                "dns_record": [],
                "index": 0,
                "ip_address": "192.168.10.16",
                "ipv4": true,
                "ipv6": false,
                "ipv6_address": "",
                "ipv6_dns_record": [],
                "mac_address": "d0:0d:4f:d1:f3:ca",
                "nat": true,
                "nat_dns_record": [],
                "nat_ip_address": "51.250.92.136",
                "nat_ip_version": "IPV4",
                "security_group_ids": [],
                "subnet_id": "e9b64u4ifli0r3aefp2n"
              }
            ],
            "placement_policy": [
              {
                "host_affinity_rules": [],
                "placement_group_id": ""
              }
            ],
            "platform_id": "standard-v1",
            "resources": [
              {
                "core_fraction": 100,
                "cores": 2,
                "gpus": 0,
                "memory": 2
              }
            ],
            "scheduling_policy": [
              {
                "preemptible": false
              }
            ],
            "secondary_disk": [],
            "service_account_id": "",
            "status": "running",
            "timeouts": null,
            "zone": "ru-central1-a"
          },
          "sensitive_attributes": [],
          "private": "eyJlMmJmYjczMC1lY2FhLTExZTYtOGY4OC0zNDM2M2JjN2M0YzAiOnsiY3JlYXRlIjozMDAwMDAwMDAwMDAsImRlbGV0ZSI6MzAwMDAwMDAwMDAwLCJ1cGRhdGUiOjMwMDAwMDAwMDAwMH0sInNjaGVtYV92ZXJzaW9uIjoiMSJ9",
          "dependencies": [
            "yandex_vpc_network.network-1",
            "yandex_vpc_subnet.subnet-1"
          ]
        }
      ]
    },
    {
      "mode": "managed",
      "type": "yandex_vpc_network",
      "name": "network-1",
      "provider": "provider[\"registry.terraform.io/yandex-cloud/yandex\"]",
      "instances": [
        {
          "schema_version": 0,
          "attributes": {
            "created_at": "2022-05-19T17:32:34Z",
            "default_security_group_id": "",
            "description": "",
            "folder_id": "b1goftamkelavkhtqfcd",
            "id": "enpdpu7vrcfphr5pf3db",
            "labels": {},
            "name": "network1",
            "subnet_ids": [],
            "timeouts": null
          },
          "sensitive_attributes": [],
          "private": "eyJlMmJmYjczMC1lY2FhLTExZTYtOGY4OC0zNDM2M2JjN2M0YzAiOnsiY3JlYXRlIjo2MDAwMDAwMDAwMCwiZGVsZXRlIjo2MDAwMDAwMDAwMCwidXBkYXRlIjo2MDAwMDAwMDAwMH19"
        }
      ]
    },
    {
      "mode": "managed",
      "type": "yandex_vpc_subnet",
      "name": "subnet-1",
      "provider": "provider[\"registry.terraform.io/yandex-cloud/yandex\"]",
      "instances": [
        {
          "schema_version": 0,
          "attributes": {
            "created_at": "2022-05-19T17:32:35Z",
            "description": "",
            "dhcp_options": [],
            "folder_id": "b1goftamkelavkhtqfcd",
            "id": "e9b64u4ifli0r3aefp2n",
            "labels": {},
            "name": "subnet1",
            "network_id": "enpdpu7vrcfphr5pf3db",
            "route_table_id": "",
            "timeouts": null,
            "v4_cidr_blocks": [
              "192.168.10.0/24"
            ],
            "v6_cidr_blocks": [],
            "zone": "ru-central1-a"
          },
          "sensitive_attributes": [],
          "private": "eyJlMmJmYjczMC1lY2FhLTExZTYtOGY4OC0zNDM2M2JjN2M0YzAiOnsiY3JlYXRlIjoxODAwMDAwMDAwMDAsImRlbGV0ZSI6MTgwMDAwMDAwMDAwLCJ1cGRhdGUiOjE4MDAwMDAwMDAwMH19",
          "dependencies": [
            "yandex_vpc_network.network-1"
          ]
        }
      ]
    }
  ]
}
