{
  "version": 4,
  "terraform_version": "1.2.4",
  "serial": 26,
  "lineage": "e735d3d1-f77e-3c13-baa5-315292d64ea6",
  "outputs": {
    "VM-01_local": {
      "value": "192.168.10.27",
      "type": "string"
    },
    "VM-02_local": {
      "value": "192.168.10.7",
      "type": "string"
    },
    "VM1_ip": {
      "value": "51.250.7.98",
      "type": "string"
    },
    "VM2_ip": {
      "value": "51.250.69.242",
      "type": "string"
    }
  },
  "resources": [
    {
      "mode": "managed",
      "type": "yandex_compute_instance",
      "name": "vm-1",
      "provider": "provider[\"registry.terraform.io/yandex-cloud/yandex\"]",
      "instances": [
        {
          "schema_version": 1,
          "attributes": {
            "allow_recreate": null,
            "allow_stopping_for_update": null,
            "boot_disk": [
              {
                "auto_delete": true,
                "device_name": "fhmjihnmltufm5adfice",
                "disk_id": "fhmjihnmltufm5adfice",
                "initialize_params": [
                  {
                    "block_size": 4096,
                    "description": "",
                    "image_id": "fd80le4b8gt2u33lvubr",
                    "name": "",
                    "size": 20,
                    "snapshot_id": "",
                    "type": "network-hdd"
                  }
                ],
                "mode": "READ_WRITE"
              }
            ],
            "created_at": "2022-07-14T17:09:35Z",
            "description": "",
            "folder_id": "b1goftamkelavkhtqfcd",
            "fqdn": "fhmt2ttlrjpu84thaif1.auto.internal",
            "hostname": "fhmt2ttlrjpu84thaif1",
            "id": "fhmt2ttlrjpu84thaif1",
            "labels": null,
            "local_disk": [],
            "metadata": {
              "ssh-keys": "centos:ssh-rsa AAAAB3NzaC1yc2EAAAADAQABAAABgQCnVG0pcCjrdIqcRbrIf0t+wcPh1FsyR3g2Ih7vTWyiP5YD2bJ/ukFMHElaaZmiGgQQ1KgdOLc4k+z3cpCxTbPP/2JKyVY5SUW2myfQshBmDGsOLkwajhSK0YNrnkxQzjQnBgNYQbRBFcvbEGez8mFMgmnGFv8whTQ6Ld0uDshtT/sVFFde1clPaYGnab4d53A49AKe21OlKIGZQhgZTRdSvHOyfyXuip0DPOULaclYlczDQkyHRCzUhogn4EG2NOh+5/2lQXaSlNRJPBcfYBSwgo2sv+bw3W3nkotoYRoW3yfpQu9N7mIkhzN8nzqE5ir/h7Qln+fAhiVu7i58NcKt3/NJTaQ/osYp0GZVYnvX0TaZlDLHKt8zk4ujv5W1N20+JukfVXFA7lQu4q4/KLDkRmKqeI0nbuU+TWixOp5OxT6MeQyrFkDzItZRN9bygaZT58n+m6/HxatOTu4jWU1TbXdlxVX0WV260WU0KgIdGs/dMezy3ldgMtRe/yf5aMM= tim@tim-VirtualBox\n"
            },
            "name": "vm01",
            "network_acceleration_type": "standard",
            "network_interface": [
              {
                "dns_record": [],
                "index": 0,
                "ip_address": "192.168.10.27",
                "ipv4": true,
                "ipv6": false,
                "ipv6_address": "",
                "ipv6_dns_record": [],
                "mac_address": "d0:0d:1d:17:7b:5d",
                "nat": true,
                "nat_dns_record": [],
                "nat_ip_address": "51.250.7.98",
                "nat_ip_version": "IPV4",
                "security_group_ids": [],
                "subnet_id": "e9bonjo8re20agkj1kq7"
              }
            ],
            "placement_policy": [
              {
                "host_affinity_rules": [],
                "placement_group_id": ""
              }
            ],
            "platform_id": "standard-v3",
            "resources": [
              {
                "core_fraction": 100,
                "cores": 2,
                "gpus": 0,
                "memory": 4
              }
            ],
            "scheduling_policy": [
              {
                "preemptible": false
              }
            ],
            "secondary_disk": [],
            "service_account_id": "",
            "status": "running",
            "timeouts": null,
            "zone": "ru-central1-a"
          },
          "sensitive_attributes": [],
          "private": "eyJlMmJmYjczMC1lY2FhLTExZTYtOGY4OC0zNDM2M2JjN2M0YzAiOnsiY3JlYXRlIjozMDAwMDAwMDAwMDAsImRlbGV0ZSI6MzAwMDAwMDAwMDAwLCJ1cGRhdGUiOjMwMDAwMDAwMDAwMH0sInNjaGVtYV92ZXJzaW9uIjoiMSJ9",
          "dependencies": [
            "yandex_vpc_network.network-1",
            "yandex_vpc_subnet.subnet-1"
          ]
        }
      ]
    },
    {
      "mode": "managed",
      "type": "yandex_compute_instance",
      "name": "vm-2",
      "provider": "provider[\"registry.terraform.io/yandex-cloud/yandex\"]",
      "instances": [
        {
          "schema_version": 1,
          "attributes": {
            "allow_recreate": null,
            "allow_stopping_for_update": null,
            "boot_disk": [
              {
                "auto_delete": true,
                "device_name": "fhmn0av9v4bra13hemnb",
                "disk_id": "fhmn0av9v4bra13hemnb",
                "initialize_params": [
                  {
                    "block_size": 4096,
                    "description": "",
                    "image_id": "fd80le4b8gt2u33lvubr",
                    "name": "",
                    "size": 20,
                    "snapshot_id": "",
                    "type": "network-hdd"
                  }
                ],
                "mode": "READ_WRITE"
              }
            ],
            "created_at": "2022-07-14T17:09:35Z",
            "description": "",
            "folder_id": "b1goftamkelavkhtqfcd",
            "fqdn": "fhmc00q6fknbchdi0eef.auto.internal",
            "hostname": "fhmc00q6fknbchdi0eef",
            "id": "fhmc00q6fknbchdi0eef",
            "labels": null,
            "local_disk": [],
            "metadata": {
              "ssh-keys": "centos:ssh-rsa AAAAB3NzaC1yc2EAAAADAQABAAABgQCnVG0pcCjrdIqcRbrIf0t+wcPh1FsyR3g2Ih7vTWyiP5YD2bJ/ukFMHElaaZmiGgQQ1KgdOLc4k+z3cpCxTbPP/2JKyVY5SUW2myfQshBmDGsOLkwajhSK0YNrnkxQzjQnBgNYQbRBFcvbEGez8mFMgmnGFv8whTQ6Ld0uDshtT/sVFFde1clPaYGnab4d53A49AKe21OlKIGZQhgZTRdSvHOyfyXuip0DPOULaclYlczDQkyHRCzUhogn4EG2NOh+5/2lQXaSlNRJPBcfYBSwgo2sv+bw3W3nkotoYRoW3yfpQu9N7mIkhzN8nzqE5ir/h7Qln+fAhiVu7i58NcKt3/NJTaQ/osYp0GZVYnvX0TaZlDLHKt8zk4ujv5W1N20+JukfVXFA7lQu4q4/KLDkRmKqeI0nbuU+TWixOp5OxT6MeQyrFkDzItZRN9bygaZT58n+m6/HxatOTu4jWU1TbXdlxVX0WV260WU0KgIdGs/dMezy3ldgMtRe/yf5aMM= tim@tim-VirtualBox\n"
            },
            "name": "vm02",
            "network_acceleration_type": "standard",
            "network_interface": [
              {
                "dns_record": [],
                "index": 0,
                "ip_address": "192.168.10.7",
                "ipv4": true,
                "ipv6": false,
                "ipv6_address": "",
                "ipv6_dns_record": [],
                "mac_address": "d0:0d:c0:03:46:7d",
                "nat": true,
                "nat_dns_record": [],
                "nat_ip_address": "51.250.69.242",
                "nat_ip_version": "IPV4",
                "security_group_ids": [],
                "subnet_id": "e9bonjo8re20agkj1kq7"
              }
            ],
            "placement_policy": [
              {
                "host_affinity_rules": [],
                "placement_group_id": ""
              }
            ],
            "platform_id": "standard-v1",
            "resources": [
              {
                "core_fraction": 100,
                "cores": 2,
                "gpus": 0,
                "memory": 4
              }
            ],
            "scheduling_policy": [
              {
                "preemptible": false
              }
            ],
            "secondary_disk": [],
            "service_account_id": "",
            "status": "running",
            "timeouts": null,
            "zone": "ru-central1-a"
          },
          "sensitive_attributes": [],
          "private": "eyJlMmJmYjczMC1lY2FhLTExZTYtOGY4OC0zNDM2M2JjN2M0YzAiOnsiY3JlYXRlIjozMDAwMDAwMDAwMDAsImRlbGV0ZSI6MzAwMDAwMDAwMDAwLCJ1cGRhdGUiOjMwMDAwMDAwMDAwMH0sInNjaGVtYV92ZXJzaW9uIjoiMSJ9",
          "dependencies": [
            "yandex_vpc_network.network-1",
            "yandex_vpc_subnet.subnet-1"
          ]
        }
      ]
    },
    {
      "mode": "managed",
      "type": "yandex_vpc_network",
      "name": "network-1",
      "provider": "provider[\"registry.terraform.io/yandex-cloud/yandex\"]",
      "instances": [
        {
          "schema_version": 0,
          "attributes": {
            "created_at": "2022-07-14T17:09:33Z",
            "default_security_group_id": "",
            "description": "",
            "folder_id": "b1goftamkelavkhtqfcd",
            "id": "enpvl3c3c9sg8neu35gd",
            "labels": {},
            "name": "network1",
            "subnet_ids": [],
            "timeouts": null
          },
          "sensitive_attributes": [],
          "private": "eyJlMmJmYjczMC1lY2FhLTExZTYtOGY4OC0zNDM2M2JjN2M0YzAiOnsiY3JlYXRlIjo2MDAwMDAwMDAwMCwiZGVsZXRlIjo2MDAwMDAwMDAwMCwidXBkYXRlIjo2MDAwMDAwMDAwMH19"
        }
      ]
    },
    {
      "mode": "managed",
      "type": "yandex_vpc_subnet",
      "name": "subnet-1",
      "provider": "provider[\"registry.terraform.io/yandex-cloud/yandex\"]",
      "instances": [
        {
          "schema_version": 0,
          "attributes": {
            "created_at": "2022-07-14T17:09:34Z",
            "description": "",
            "dhcp_options": [],
            "folder_id": "b1goftamkelavkhtqfcd",
            "id": "e9bonjo8re20agkj1kq7",
            "labels": {},
            "name": "subnet1",
            "network_id": "enpvl3c3c9sg8neu35gd",
            "route_table_id": "",
            "timeouts": null,
            "v4_cidr_blocks": [
              "192.168.10.0/24"
            ],
            "v6_cidr_blocks": [],
            "zone": "ru-central1-a"
          },
          "sensitive_attributes": [],
          "private": "eyJlMmJmYjczMC1lY2FhLTExZTYtOGY4OC0zNDM2M2JjN2M0YzAiOnsiY3JlYXRlIjoxODAwMDAwMDAwMDAsImRlbGV0ZSI6MTgwMDAwMDAwMDAwLCJ1cGRhdGUiOjE4MDAwMDAwMDAwMH19",
          "dependencies": [
            "yandex_vpc_network.network-1"
          ]
        }
      ]
    }
  ]
}
